
Microsoft Visual Studio Solution File, Format Version 12.00
# Visual Studio Version 17
VisualStudioVersion = 17.5.33414.496
MinimumVisualStudioVersion = 10.0.40219.1
Project("{FAE04EC0-301F-11D3-BF4B-00C04F79EFBC}") = "TraineesITI", "TraineesITI\TraineesITI.csproj", "{D7AF3F2F-A2C7-438C-9AC8-3ED1AB27AA81}"
EndProject
Global
	GlobalSection(SolutionConfigurationPlatforms) = preSolution
		Debug|Any CPU = Debug|Any CPU
		Release|Any CPU = Release|Any CPU
	EndGlobalSection
	GlobalSection(ProjectConfigurationPlatforms) = postSolution
		{D7AF3F2F-A2C7-438C-9AC8-3ED1AB27AA81}.Debug|Any CPU.ActiveCfg = Debug|Any CPU
		{D7AF3F2F-A2C7-438C-9AC8-3ED1AB27AA81}.Debug|Any CPU.Build.0 = Debug|Any CPU
		{D7AF3F2F-A2C7-438C-9AC8-3ED1AB27AA81}.Release|Any CPU.ActiveCfg = Release|Any CPU
		{D7AF3F2F-A2C7-438C-9AC8-3ED1AB27AA81}.Release|Any CPU.Build.0 = Release|Any CPU
	EndGlobalSection
	GlobalSection(SolutionProperties) = preSolution
		HideSolutionNode = FALSE
	EndGlobalSection
	GlobalSection(ExtensibilityGlobals) = postSolution
		SolutionGuid = {958E5733-E3FB-4850-B8B2-64B34D3FBE32}
	EndGlobalSection
EndGlobal
