
Microsoft Visual Studio Solution File, Format Version 12.00
# Visual Studio Version 17
VisualStudioVersion = 17.4.33213.308
MinimumVisualStudioVersion = 10.0.40219.1
Project("{FAE04EC0-301F-11D3-BF4B-00C04F79EFBC}") = "cleanHello", "cleanHello\cleanHello.csproj", "{653B0259-4C90-409E-AB10-08434A771FAA}"
EndProject
Global
	GlobalSection(SolutionConfigurationPlatforms) = preSolution
		Debug|Any CPU = Debug|Any CPU
		Release|Any CPU = Release|Any CPU
	EndGlobalSection
	GlobalSection(ProjectConfigurationPlatforms) = postSolution
		{653B0259-4C90-409E-AB10-08434A771FAA}.Debug|Any CPU.ActiveCfg = Debug|Any CPU
		{653B0259-4C90-409E-AB10-08434A771FAA}.Debug|Any CPU.Build.0 = Debug|Any CPU
		{653B0259-4C90-409E-AB10-08434A771FAA}.Release|Any CPU.ActiveCfg = Release|Any CPU
		{653B0259-4C90-409E-AB10-08434A771FAA}.Release|Any CPU.Build.0 = Release|Any CPU
	EndGlobalSection
	GlobalSection(SolutionProperties) = preSolution
		HideSolutionNode = FALSE
	EndGlobalSection
	GlobalSection(ExtensibilityGlobals) = postSolution
		SolutionGuid = {604B4545-CF23-49AD-A64C-985F9E6D16C4}
	EndGlobalSection
EndGlobal
